
Microsoft Visual Studio Solution File, Format Version 12.00
# Visual Studio Version 16
VisualStudioVersion = 16.0.30204.135
MinimumVisualStudioVersion = 10.0.40219.1
Project("{FAE04EC0-301F-11D3-BF4B-00C04F79EFBC}") = "HR_match", "HR_match.csproj", "{58FE5D0E-7F38-445E-9EFA-B1315AAE5362}"
EndProject
Global
	GlobalSection(SolutionConfigurationPlatforms) = preSolution
		Debug|Any CPU = Debug|Any CPU
		Release|Any CPU = Release|Any CPU
	EndGlobalSection
	GlobalSection(ProjectConfigurationPlatforms) = postSolution
		{58FE5D0E-7F38-445E-9EFA-B1315AAE5362}.Debug|Any CPU.ActiveCfg = Debug|Any CPU
		{58FE5D0E-7F38-445E-9EFA-B1315AAE5362}.Debug|Any CPU.Build.0 = Debug|Any CPU
		{58FE5D0E-7F38-445E-9EFA-B1315AAE5362}.Release|Any CPU.ActiveCfg = Release|Any CPU
		{58FE5D0E-7F38-445E-9EFA-B1315AAE5362}.Release|Any CPU.Build.0 = Release|Any CPU
	EndGlobalSection
	GlobalSection(SolutionProperties) = preSolution
		HideSolutionNode = FALSE
	EndGlobalSection
	GlobalSection(ExtensibilityGlobals) = postSolution
		SolutionGuid = {7D5FABF2-3F75-4091-9EC9-66643DF8A5B6}
	EndGlobalSection
EndGlobal
